// !$*UTF8*$!
{
	archiveVersion = 1;
	classes = {
	};
	objectVersion = 46;
	objects = {

/* Begin PBXBuildFile section */
		C22395711F505A49000F0E6D /* RNScanbotSDK.m in Sources */ = {isa = PBXBuildFile; fileRef = C22395701F505A49000F0E6D /* RNScanbotSDK.m */; };
		C22395721F505A49000F0E6D /* RNScanbotSDK.h in CopyFiles */ = {isa = PBXBuildFile; fileRef = C223956F1F505A49000F0E6D /* RNScanbotSDK.h */; };
		C22395971F505DD2000F0E6D /* SBSDKOCRResult+JSON.m in Sources */ = {isa = PBXBuildFile; fileRef = C223957D1F505DD2000F0E6D /* SBSDKOCRResult+JSON.m */; };
		C22395981F505DD2000F0E6D /* SBSDKPageAnalyzerResult+JSON.m in Sources */ = {isa = PBXBuildFile; fileRef = C223957F1F505DD2000F0E6D /* SBSDKPageAnalyzerResult+JSON.m */; };
		C22395991F505DD2000F0E6D /* SBSDKPolygon+JSON.m in Sources */ = {isa = PBXBuildFile; fileRef = C22395811F505DD2000F0E6D /* SBSDKPolygon+JSON.m */; };
		C223959A1F505DD2000F0E6D /* UIColor+JSON.m in Sources */ = {isa = PBXBuildFile; fileRef = C22395831F505DD2000F0E6D /* UIColor+JSON.m */; };
		C223959B1F505DD2000F0E6D /* ScanbotCameraView.m in Sources */ = {isa = PBXBuildFile; fileRef = C22395851F505DD2000F0E6D /* ScanbotCameraView.m */; };
		C223959C1F505DD2000F0E6D /* ScanbotCamerViewManager.m in Sources */ = {isa = PBXBuildFile; fileRef = C22395871F505DD2000F0E6D /* ScanbotCamerViewManager.m */; };
		C223959D1F505DD2000F0E6D /* ScanbotCroppingView.m in Sources */ = {isa = PBXBuildFile; fileRef = C22395891F505DD2000F0E6D /* ScanbotCroppingView.m */; };
		C223959E1F505DD2000F0E6D /* ScanbotCroppingViewManager.m in Sources */ = {isa = PBXBuildFile; fileRef = C223958B1F505DD2000F0E6D /* ScanbotCroppingViewManager.m */; };
		C22395A01F505DD2000F0E6D /* SharedConfiguration.m in Sources */ = {isa = PBXBuildFile; fileRef = C223958F1F505DD2000F0E6D /* SharedConfiguration.m */; };
		C22395A21F505DD2000F0E6D /* ImageUtils.m in Sources */ = {isa = PBXBuildFile; fileRef = C22395941F505DD2000F0E6D /* ImageUtils.m */; };
		C22395A31F505DD2000F0E6D /* OCRUtils.m in Sources */ = {isa = PBXBuildFile; fileRef = C22395961F505DD2000F0E6D /* OCRUtils.m */; };
		C25900B51F8E056000B90611 /* JSONOptionsUtils.m in Sources */ = {isa = PBXBuildFile; fileRef = C25900B41F8E056000B90611 /* JSONOptionsUtils.m */; };
		C25AE2271F83AD6300FAB927 /* ScanbotCroppingViewModule.m in Sources */ = {isa = PBXBuildFile; fileRef = C25AE2261F83AD6300FAB927 /* ScanbotCroppingViewModule.m */; };
		C2F600F91F8B625D00ACA8F8 /* ScanbotSDK.framework in Frameworks */ = {isa = PBXBuildFile; fileRef = C2F600F81F8B625D00ACA8F8 /* ScanbotSDK.framework */; };
/* End PBXBuildFile section */

/* Begin PBXCopyFilesBuildPhase section */
		C223956A1F505A49000F0E6D /* CopyFiles */ = {
			isa = PBXCopyFilesBuildPhase;
			buildActionMask = 2147483647;
			dstPath = "include/$(PRODUCT_NAME)";
			dstSubfolderSpec = 16;
			files = (
				C22395721F505A49000F0E6D /* RNScanbotSDK.h in CopyFiles */,
			);
			runOnlyForDeploymentPostprocessing = 0;
		};
/* End PBXCopyFilesBuildPhase section */

/* Begin PBXFileReference section */
		C223956C1F505A49000F0E6D /* libRNScanbotSDK.a */ = {isa = PBXFileReference; explicitFileType = archive.ar; includeInIndex = 0; path = libRNScanbotSDK.a; sourceTree = BUILT_PRODUCTS_DIR; };
		C223956F1F505A49000F0E6D /* RNScanbotSDK.h */ = {isa = PBXFileReference; lastKnownFileType = sourcecode.c.h; path = RNScanbotSDK.h; sourceTree = "<group>"; };
		C22395701F505A49000F0E6D /* RNScanbotSDK.m */ = {isa = PBXFileReference; lastKnownFileType = sourcecode.c.objc; path = RNScanbotSDK.m; sourceTree = "<group>"; };
		C223957C1F505DD2000F0E6D /* SBSDKOCRResult+JSON.h */ = {isa = PBXFileReference; fileEncoding = 4; lastKnownFileType = sourcecode.c.h; path = "SBSDKOCRResult+JSON.h"; sourceTree = "<group>"; };
		C223957D1F505DD2000F0E6D /* SBSDKOCRResult+JSON.m */ = {isa = PBXFileReference; fileEncoding = 4; lastKnownFileType = sourcecode.c.objc; path = "SBSDKOCRResult+JSON.m"; sourceTree = "<group>"; };
		C223957E1F505DD2000F0E6D /* SBSDKPageAnalyzerResult+JSON.h */ = {isa = PBXFileReference; fileEncoding = 4; lastKnownFileType = sourcecode.c.h; path = "SBSDKPageAnalyzerResult+JSON.h"; sourceTree = "<group>"; };
		C223957F1F505DD2000F0E6D /* SBSDKPageAnalyzerResult+JSON.m */ = {isa = PBXFileReference; fileEncoding = 4; lastKnownFileType = sourcecode.c.objc; path = "SBSDKPageAnalyzerResult+JSON.m"; sourceTree = "<group>"; };
		C22395801F505DD2000F0E6D /* SBSDKPolygon+JSON.h */ = {isa = PBXFileReference; fileEncoding = 4; lastKnownFileType = sourcecode.c.h; path = "SBSDKPolygon+JSON.h"; sourceTree = "<group>"; };
		C22395811F505DD2000F0E6D /* SBSDKPolygon+JSON.m */ = {isa = PBXFileReference; fileEncoding = 4; lastKnownFileType = sourcecode.c.objc; path = "SBSDKPolygon+JSON.m"; sourceTree = "<group>"; };
		C22395821F505DD2000F0E6D /* UIColor+JSON.h */ = {isa = PBXFileReference; fileEncoding = 4; lastKnownFileType = sourcecode.c.h; path = "UIColor+JSON.h"; sourceTree = "<group>"; };
		C22395831F505DD2000F0E6D /* UIColor+JSON.m */ = {isa = PBXFileReference; fileEncoding = 4; lastKnownFileType = sourcecode.c.objc; path = "UIColor+JSON.m"; sourceTree = "<group>"; };
		C22395841F505DD2000F0E6D /* ScanbotCameraView.h */ = {isa = PBXFileReference; fileEncoding = 4; lastKnownFileType = sourcecode.c.h; path = ScanbotCameraView.h; sourceTree = "<group>"; };
		C22395851F505DD2000F0E6D /* ScanbotCameraView.m */ = {isa = PBXFileReference; fileEncoding = 4; lastKnownFileType = sourcecode.c.objc; path = ScanbotCameraView.m; sourceTree = "<group>"; };
		C22395861F505DD2000F0E6D /* ScanbotCamerViewManager.h */ = {isa = PBXFileReference; fileEncoding = 4; lastKnownFileType = sourcecode.c.h; path = ScanbotCamerViewManager.h; sourceTree = "<group>"; };
		C22395871F505DD2000F0E6D /* ScanbotCamerViewManager.m */ = {isa = PBXFileReference; fileEncoding = 4; lastKnownFileType = sourcecode.c.objc; path = ScanbotCamerViewManager.m; sourceTree = "<group>"; };
		C22395881F505DD2000F0E6D /* ScanbotCroppingView.h */ = {isa = PBXFileReference; fileEncoding = 4; lastKnownFileType = sourcecode.c.h; path = ScanbotCroppingView.h; sourceTree = "<group>"; };
		C22395891F505DD2000F0E6D /* ScanbotCroppingView.m */ = {isa = PBXFileReference; fileEncoding = 4; lastKnownFileType = sourcecode.c.objc; path = ScanbotCroppingView.m; sourceTree = "<group>"; };
		C223958A1F505DD2000F0E6D /* ScanbotCroppingViewManager.h */ = {isa = PBXFileReference; fileEncoding = 4; lastKnownFileType = sourcecode.c.h; path = ScanbotCroppingViewManager.h; sourceTree = "<group>"; };
		C223958B1F505DD2000F0E6D /* ScanbotCroppingViewManager.m */ = {isa = PBXFileReference; fileEncoding = 4; lastKnownFileType = sourcecode.c.objc; path = ScanbotCroppingViewManager.m; sourceTree = "<group>"; };
		C223958E1F505DD2000F0E6D /* SharedConfiguration.h */ = {isa = PBXFileReference; fileEncoding = 4; lastKnownFileType = sourcecode.c.h; path = SharedConfiguration.h; sourceTree = "<group>"; };
		C223958F1F505DD2000F0E6D /* SharedConfiguration.m */ = {isa = PBXFileReference; fileEncoding = 4; lastKnownFileType = sourcecode.c.objc; path = SharedConfiguration.m; sourceTree = "<group>"; };
		C22395931F505DD2000F0E6D /* ImageUtils.h */ = {isa = PBXFileReference; fileEncoding = 4; lastKnownFileType = sourcecode.c.h; path = ImageUtils.h; sourceTree = "<group>"; };
		C22395941F505DD2000F0E6D /* ImageUtils.m */ = {isa = PBXFileReference; fileEncoding = 4; lastKnownFileType = sourcecode.c.objc; path = ImageUtils.m; sourceTree = "<group>"; };
		C22395951F505DD2000F0E6D /* OCRUtils.h */ = {isa = PBXFileReference; fileEncoding = 4; lastKnownFileType = sourcecode.c.h; path = OCRUtils.h; sourceTree = "<group>"; };
		C22395961F505DD2000F0E6D /* OCRUtils.m */ = {isa = PBXFileReference; fileEncoding = 4; lastKnownFileType = sourcecode.c.objc; path = OCRUtils.m; sourceTree = "<group>"; };
		C25900B31F8E056000B90611 /* JSONOptionsUtils.h */ = {isa = PBXFileReference; lastKnownFileType = sourcecode.c.h; path = JSONOptionsUtils.h; sourceTree = "<group>"; };
		C25900B41F8E056000B90611 /* JSONOptionsUtils.m */ = {isa = PBXFileReference; lastKnownFileType = sourcecode.c.objc; path = JSONOptionsUtils.m; sourceTree = "<group>"; };
		C25AE2251F83AD6300FAB927 /* ScanbotCroppingViewModule.h */ = {isa = PBXFileReference; lastKnownFileType = sourcecode.c.h; path = ScanbotCroppingViewModule.h; sourceTree = "<group>"; };
		C25AE2261F83AD6300FAB927 /* ScanbotCroppingViewModule.m */ = {isa = PBXFileReference; lastKnownFileType = sourcecode.c.objc; path = ScanbotCroppingViewModule.m; sourceTree = "<group>"; };
		C2F600F81F8B625D00ACA8F8 /* ScanbotSDK.framework */ = {isa = PBXFileReference; lastKnownFileType = wrapper.framework; name = ScanbotSDK.framework; path = ../ScanbotSDK.framework; sourceTree = "<group>"; };
/* End PBXFileReference section */

/* Begin PBXFrameworksBuildPhase section */
		C22395691F505A49000F0E6D /* Frameworks */ = {
			isa = PBXFrameworksBuildPhase;
			buildActionMask = 2147483647;
			files = (
				C2F600F91F8B625D00ACA8F8 /* ScanbotSDK.framework in Frameworks */,
			);
			runOnlyForDeploymentPostprocessing = 0;
		};
/* End PBXFrameworksBuildPhase section */

/* Begin PBXGroup section */
		C22395631F505A49000F0E6D = {
			isa = PBXGroup;
			children = (
				C2F600F81F8B625D00ACA8F8 /* ScanbotSDK.framework */,
				C223956E1F505A49000F0E6D /* RNScanbotSDK */,
				C223956D1F505A49000F0E6D /* Products */,
			);
			sourceTree = "<group>";
		};
		C223956D1F505A49000F0E6D /* Products */ = {
			isa = PBXGroup;
			children = (
				C223956C1F505A49000F0E6D /* libRNScanbotSDK.a */,
			);
			name = Products;
			sourceTree = "<group>";
		};
		C223956E1F505A49000F0E6D /* RNScanbotSDK */ = {
			isa = PBXGroup;
			children = (
				C22395921F505DD2000F0E6D /* Utils */,
				C223957B1F505DD2000F0E6D /* Categories */,
				C22395841F505DD2000F0E6D /* ScanbotCameraView.h */,
				C22395851F505DD2000F0E6D /* ScanbotCameraView.m */,
				C22395861F505DD2000F0E6D /* ScanbotCamerViewManager.h */,
				C22395871F505DD2000F0E6D /* ScanbotCamerViewManager.m */,
				C22395881F505DD2000F0E6D /* ScanbotCroppingView.h */,
				C22395891F505DD2000F0E6D /* ScanbotCroppingView.m */,
				C223958A1F505DD2000F0E6D /* ScanbotCroppingViewManager.h */,
				C223958B1F505DD2000F0E6D /* ScanbotCroppingViewManager.m */,
				C25AE2251F83AD6300FAB927 /* ScanbotCroppingViewModule.h */,
				C25AE2261F83AD6300FAB927 /* ScanbotCroppingViewModule.m */,
				C223958E1F505DD2000F0E6D /* SharedConfiguration.h */,
				C223958F1F505DD2000F0E6D /* SharedConfiguration.m */,
				C223956F1F505A49000F0E6D /* RNScanbotSDK.h */,
				C22395701F505A49000F0E6D /* RNScanbotSDK.m */,
			);
			path = RNScanbotSDK;
			sourceTree = "<group>";
		};
		C223957B1F505DD2000F0E6D /* Categories */ = {
			isa = PBXGroup;
			children = (
				C223957C1F505DD2000F0E6D /* SBSDKOCRResult+JSON.h */,
				C223957D1F505DD2000F0E6D /* SBSDKOCRResult+JSON.m */,
				C223957E1F505DD2000F0E6D /* SBSDKPageAnalyzerResult+JSON.h */,
				C223957F1F505DD2000F0E6D /* SBSDKPageAnalyzerResult+JSON.m */,
				C22395801F505DD2000F0E6D /* SBSDKPolygon+JSON.h */,
				C22395811F505DD2000F0E6D /* SBSDKPolygon+JSON.m */,
				C22395821F505DD2000F0E6D /* UIColor+JSON.h */,
				C22395831F505DD2000F0E6D /* UIColor+JSON.m */,
			);
			path = Categories;
			sourceTree = "<group>";
		};
		C22395921F505DD2000F0E6D /* Utils */ = {
			isa = PBXGroup;
			children = (
				C22395931F505DD2000F0E6D /* ImageUtils.h */,
				C22395941F505DD2000F0E6D /* ImageUtils.m */,
				C22395951F505DD2000F0E6D /* OCRUtils.h */,
				C22395961F505DD2000F0E6D /* OCRUtils.m */,
				C25900B31F8E056000B90611 /* JSONOptionsUtils.h */,
				C25900B41F8E056000B90611 /* JSONOptionsUtils.m */,
			);
			path = Utils;
			sourceTree = "<group>";
		};
/* End PBXGroup section */

/* Begin PBXNativeTarget section */
		C223956B1F505A49000F0E6D /* RNScanbotSDK */ = {
			isa = PBXNativeTarget;
			buildConfigurationList = C22395751F505A49000F0E6D /* Build configuration list for PBXNativeTarget "RNScanbotSDK" */;
			buildPhases = (
				C22395681F505A49000F0E6D /* Sources */,
				C22395691F505A49000F0E6D /* Frameworks */,
				C223956A1F505A49000F0E6D /* CopyFiles */,
			);
			buildRules = (
			);
			dependencies = (
			);
			name = RNScanbotSDK;
			productName = RNScanbotSDK;
			productReference = C223956C1F505A49000F0E6D /* libRNScanbotSDK.a */;
			productType = "com.apple.product-type.library.static";
		};
/* End PBXNativeTarget section */

/* Begin PBXProject section */
		C22395641F505A49000F0E6D /* Project object */ = {
			isa = PBXProject;
			attributes = {
				LastUpgradeCheck = 0830;
				ORGANIZATIONNAME = doo;
				TargetAttributes = {
					C223956B1F505A49000F0E6D = {
						CreatedOnToolsVersion = 8.3.3;
						DevelopmentTeam = VZ266K5KCR;
						ProvisioningStyle = Automatic;
					};
				};
			};
			buildConfigurationList = C22395671F505A49000F0E6D /* Build configuration list for PBXProject "RNScanbotSDK" */;
			compatibilityVersion = "Xcode 3.2";
			developmentRegion = English;
			hasScannedForEncodings = 0;
			knownRegions = (
				en,
			);
			mainGroup = C22395631F505A49000F0E6D;
			productRefGroup = C223956D1F505A49000F0E6D /* Products */;
			projectDirPath = "";
			projectRoot = "";
			targets = (
				C223956B1F505A49000F0E6D /* RNScanbotSDK */,
			);
		};
/* End PBXProject section */

/* Begin PBXSourcesBuildPhase section */
		C22395681F505A49000F0E6D /* Sources */ = {
			isa = PBXSourcesBuildPhase;
			buildActionMask = 2147483647;
			files = (
				C25900B51F8E056000B90611 /* JSONOptionsUtils.m in Sources */,
				C223959B1F505DD2000F0E6D /* ScanbotCameraView.m in Sources */,
				C22395711F505A49000F0E6D /* RNScanbotSDK.m in Sources */,
				C22395971F505DD2000F0E6D /* SBSDKOCRResult+JSON.m in Sources */,
				C22395A01F505DD2000F0E6D /* SharedConfiguration.m in Sources */,
				C223959E1F505DD2000F0E6D /* ScanbotCroppingViewManager.m in Sources */,
				C25AE2271F83AD6300FAB927 /* ScanbotCroppingViewModule.m in Sources */,
				C22395991F505DD2000F0E6D /* SBSDKPolygon+JSON.m in Sources */,
				C223959C1F505DD2000F0E6D /* ScanbotCamerViewManager.m in Sources */,
				C22395981F505DD2000F0E6D /* SBSDKPageAnalyzerResult+JSON.m in Sources */,
				C223959A1F505DD2000F0E6D /* UIColor+JSON.m in Sources */,
				C223959D1F505DD2000F0E6D /* ScanbotCroppingView.m in Sources */,
				C22395A31F505DD2000F0E6D /* OCRUtils.m in Sources */,
				C22395A21F505DD2000F0E6D /* ImageUtils.m in Sources */,
			);
			runOnlyForDeploymentPostprocessing = 0;
		};
/* End PBXSourcesBuildPhase section */

/* Begin XCBuildConfiguration section */
		C22395731F505A49000F0E6D /* Debug */ = {
			isa = XCBuildConfiguration;
			buildSettings = {
				ALWAYS_SEARCH_USER_PATHS = NO;
				CLANG_ANALYZER_NONNULL = YES;
				CLANG_ANALYZER_NUMBER_OBJECT_CONVERSION = YES_AGGRESSIVE;
				CLANG_CXX_LANGUAGE_STANDARD = "gnu++0x";
				CLANG_CXX_LIBRARY = "libc++";
				CLANG_ENABLE_MODULES = YES;
				CLANG_ENABLE_OBJC_ARC = YES;
				CLANG_WARN_BOOL_CONVERSION = YES;
				CLANG_WARN_CONSTANT_CONVERSION = YES;
				CLANG_WARN_DIRECT_OBJC_ISA_USAGE = YES_ERROR;
				CLANG_WARN_DOCUMENTATION_COMMENTS = YES;
				CLANG_WARN_EMPTY_BODY = YES;
				CLANG_WARN_ENUM_CONVERSION = YES;
				CLANG_WARN_INFINITE_RECURSION = YES;
				CLANG_WARN_INT_CONVERSION = YES;
				CLANG_WARN_OBJC_ROOT_CLASS = YES_ERROR;
				CLANG_WARN_SUSPICIOUS_MOVE = YES;
				CLANG_WARN_UNREACHABLE_CODE = YES;
				CLANG_WARN__DUPLICATE_METHOD_MATCH = YES;
				"CODE_SIGN_IDENTITY[sdk=iphoneos*]" = "iPhone Developer";
				COPY_PHASE_STRIP = NO;
				DEBUG_INFORMATION_FORMAT = dwarf;
				ENABLE_STRICT_OBJC_MSGSEND = YES;
				ENABLE_TESTABILITY = YES;
				FRAMEWORK_SEARCH_PATHS = (
					"${PROJECT_DIR}/../../../../Frameworks",
					"${PROJECT_DIR}/../../../../Frameworks/Headers",
					"${inherited}",
					"${PROJECT_DIR}/../**",
				);
				GCC_C_LANGUAGE_STANDARD = gnu99;
				GCC_DYNAMIC_NO_PIC = NO;
				GCC_NO_COMMON_BLOCKS = YES;
				GCC_OPTIMIZATION_LEVEL = 0;
				GCC_PREPROCESSOR_DEFINITIONS = (
					"DEBUG=1",
					"$(inherited)",
				);
				GCC_WARN_64_TO_32_BIT_CONVERSION = YES;
				GCC_WARN_ABOUT_RETURN_TYPE = YES_ERROR;
				GCC_WARN_UNDECLARED_SELECTOR = YES;
				GCC_WARN_UNINITIALIZED_AUTOS = YES_AGGRESSIVE;
				GCC_WARN_UNUSED_FUNCTION = YES;
				GCC_WARN_UNUSED_VARIABLE = YES;
				HEADER_SEARCH_PATHS = (
					"${inherited}",
					"${PROJECT_DIR}/../../../../Frameworks/Headers",
				);
				IPHONEOS_DEPLOYMENT_TARGET = 10.3;
				MTL_ENABLE_DEBUG_INFO = YES;
				ONLY_ACTIVE_ARCH = YES;
				SDKROOT = iphoneos;
			};
			name = Debug;
		};
		C22395741F505A49000F0E6D /* Release */ = {
			isa = XCBuildConfiguration;
			buildSettings = {
				ALWAYS_SEARCH_USER_PATHS = NO;
				CLANG_ANALYZER_NONNULL = YES;
				CLANG_ANALYZER_NUMBER_OBJECT_CONVERSION = YES_AGGRESSIVE;
				CLANG_CXX_LANGUAGE_STANDARD = "gnu++0x";
				CLANG_CXX_LIBRARY = "libc++";
				CLANG_ENABLE_MODULES = YES;
				CLANG_ENABLE_OBJC_ARC = YES;
				CLANG_WARN_BOOL_CONVERSION = YES;
				CLANG_WARN_CONSTANT_CONVERSION = YES;
				CLANG_WARN_DIRECT_OBJC_ISA_USAGE = YES_ERROR;
				CLANG_WARN_DOCUMENTATION_COMMENTS = YES;
				CLANG_WARN_EMPTY_BODY = YES;
				CLANG_WARN_ENUM_CONVERSION = YES;
				CLANG_WARN_INFINITE_RECURSION = YES;
				CLANG_WARN_INT_CONVERSION = YES;
				CLANG_WARN_OBJC_ROOT_CLASS = YES_ERROR;
				CLANG_WARN_SUSPICIOUS_MOVE = YES;
				CLANG_WARN_UNREACHABLE_CODE = YES;
				CLANG_WARN__DUPLICATE_METHOD_MATCH = YES;
				"CODE_SIGN_IDENTITY[sdk=iphoneos*]" = "iPhone Developer";
				COPY_PHASE_STRIP = NO;
				DEBUG_INFORMATION_FORMAT = "dwarf-with-dsym";
				ENABLE_NS_ASSERTIONS = NO;
				ENABLE_STRICT_OBJC_MSGSEND = YES;
				FRAMEWORK_SEARCH_PATHS = (
					"${PROJECT_DIR}/../../../../Frameworks",
					"${PROJECT_DIR}/../../../../Frameworks/Headers",
					"${inherited}",
					"${PROJECT_DIR}/../**",
				);
				GCC_C_LANGUAGE_STANDARD = gnu99;
				GCC_NO_COMMON_BLOCKS = YES;
				GCC_WARN_64_TO_32_BIT_CONVERSION = YES;
				GCC_WARN_ABOUT_RETURN_TYPE = YES_ERROR;
				GCC_WARN_UNDECLARED_SELECTOR = YES;
				GCC_WARN_UNINITIALIZED_AUTOS = YES_AGGRESSIVE;
				GCC_WARN_UNUSED_FUNCTION = YES;
				GCC_WARN_UNUSED_VARIABLE = YES;
				HEADER_SEARCH_PATHS = (
					"${inherited}",
					"${PROJECT_DIR}/../../../../Frameworks/Headers",
				);
				IPHONEOS_DEPLOYMENT_TARGET = 10.3;
				MTL_ENABLE_DEBUG_INFO = NO;
				SDKROOT = iphoneos;
				VALIDATE_PRODUCT = YES;
			};
			name = Release;
		};
		C22395761F505A49000F0E6D /* Debug */ = {
			isa = XCBuildConfiguration;
			buildSettings = {
				DEVELOPMENT_TEAM = VZ266K5KCR;
				FRAMEWORK_SEARCH_PATHS = (
					"$(inherited)",
					"$(PROJECT_DIR)/Frameworks",
				);
				HEADER_SEARCH_PATHS = (
					"$(inherited)/**",
					"$(SRCROOT)/../react-native/React/**",
					"$(SRCROOT)/../React/**",
				);
				OTHER_LDFLAGS = "-ObjC";
				PRODUCT_NAME = "$(TARGET_NAME)";
				SKIP_INSTALL = YES;
			};
			name = Debug;
		};
		C22395771F505A49000F0E6D /* Release */ = {
			isa = XCBuildConfiguration;
			buildSettings = {
				DEVELOPMENT_TEAM = VZ266K5KCR;
				FRAMEWORK_SEARCH_PATHS = (
					"$(inherited)",
					"$(PROJECT_DIR)/Frameworks",
				);
				HEADER_SEARCH_PATHS = (
					"$(inherited)/**",
					"$(SRCROOT)/../react-native/React/**",
					"$(SRCROOT)/../React/**",
				);
				OTHER_LDFLAGS = "-ObjC";
				PRODUCT_NAME = "$(TARGET_NAME)";
				SKIP_INSTALL = YES;
			};
			name = Release;
		};
/* End XCBuildConfiguration section */

/* Begin XCConfigurationList section */
		C22395671F505A49000F0E6D /* Build configuration list for PBXProject "RNScanbotSDK" */ = {
			isa = XCConfigurationList;
			buildConfigurations = (
				C22395731F505A49000F0E6D /* Debug */,
				C22395741F505A49000F0E6D /* Release */,
			);
			defaultConfigurationIsVisible = 0;
			defaultConfigurationName = Release;
		};
		C22395751F505A49000F0E6D /* Build configuration list for PBXNativeTarget "RNScanbotSDK" */ = {
			isa = XCConfigurationList;
			buildConfigurations = (
				C22395761F505A49000F0E6D /* Debug */,
				C22395771F505A49000F0E6D /* Release */,
			);
			defaultConfigurationIsVisible = 0;
			defaultConfigurationName = Release;
		};
/* End XCConfigurationList section */
	};
	rootObject = C22395641F505A49000F0E6D /* Project object */;
}
